
Microsoft Visual Studio Solution File, Format Version 12.00
# Visual Studio 15
VisualStudioVersion = 15.0.28307.271
MinimumVisualStudioVersion = 10.0.40219.1
Project("{FAE04EC0-301F-11D3-BF4B-00C04F79EFBC}") = "MonthlyBudget", "MonthlyBudget\MonthlyBudget.csproj", "{A9AAFEDE-2267-41AB-B679-99FF3EDFB280}"
EndProject
Global
	GlobalSection(SolutionConfigurationPlatforms) = preSolution
		Debug|Any CPU = Debug|Any CPU
		Release|Any CPU = Release|Any CPU
	EndGlobalSection
	GlobalSection(ProjectConfigurationPlatforms) = postSolution
		{A9AAFEDE-2267-41AB-B679-99FF3EDFB280}.Debug|Any CPU.ActiveCfg = Debug|Any CPU
		{A9AAFEDE-2267-41AB-B679-99FF3EDFB280}.Debug|Any CPU.Build.0 = Debug|Any CPU
		{A9AAFEDE-2267-41AB-B679-99FF3EDFB280}.Release|Any CPU.ActiveCfg = Release|Any CPU
		{A9AAFEDE-2267-41AB-B679-99FF3EDFB280}.Release|Any CPU.Build.0 = Release|Any CPU
	EndGlobalSection
	GlobalSection(SolutionProperties) = preSolution
		HideSolutionNode = FALSE
	EndGlobalSection
	GlobalSection(ExtensibilityGlobals) = postSolution
		SolutionGuid = {6FF20943-12D9-4458-A8AE-F5149FF1470C}
	EndGlobalSection
EndGlobal
